
Microsoft Visual Studio Solution File, Format Version 12.00
# Visual Studio Version 17
VisualStudioVersion = 17.0.31919.166
MinimumVisualStudioVersion = 10.0.40219.1
Project("{FAE04EC0-301F-11D3-BF4B-00C04F79EFBC}") = "FireBase test", "FireBase test\FireBase test.csproj", "{8529071D-C92A-42BB-80CD-868B4C5C440A}"
EndProject
Global
	GlobalSection(SolutionConfigurationPlatforms) = preSolution
		Debug|Any CPU = Debug|Any CPU
		Release|Any CPU = Release|Any CPU
	EndGlobalSection
	GlobalSection(ProjectConfigurationPlatforms) = postSolution
		{8529071D-C92A-42BB-80CD-868B4C5C440A}.Debug|Any CPU.ActiveCfg = Debug|Any CPU
		{8529071D-C92A-42BB-80CD-868B4C5C440A}.Debug|Any CPU.Build.0 = Debug|Any CPU
		{8529071D-C92A-42BB-80CD-868B4C5C440A}.Release|Any CPU.ActiveCfg = Release|Any CPU
		{8529071D-C92A-42BB-80CD-868B4C5C440A}.Release|Any CPU.Build.0 = Release|Any CPU
	EndGlobalSection
	GlobalSection(SolutionProperties) = preSolution
		HideSolutionNode = FALSE
	EndGlobalSection
	GlobalSection(ExtensibilityGlobals) = postSolution
		SolutionGuid = {433559DC-5CCF-4229-B1E4-555C8ACDA88C}
	EndGlobalSection
EndGlobal
